
Microsoft Visual Studio Solution File, Format Version 12.00
# Visual Studio Version 17
VisualStudioVersion = 17.12.35728.132 d17.12
MinimumVisualStudioVersion = 10.0.40219.1
Project("{FAE04EC0-301F-11D3-BF4B-00C04F79EFBC}") = "Bibliotekarz.Api", "Bibliotekarz.Api\Bibliotekarz.Api.csproj", "{98DE1C22-44EB-4850-A397-A03692F8B8DB}"
EndProject
Project("{FAE04EC0-301F-11D3-BF4B-00C04F79EFBC}") = "Bibliotekarz.Client", "Bibliotekarz.Client\Bibliotekarz.Client.csproj", "{5C3A02F3-0CDB-495B-8C1E-8678B4BB7EAD}"
EndProject
Project("{FAE04EC0-301F-11D3-BF4B-00C04F79EFBC}") = "Bibliotekarz.Data", "Bibliotekarz.Data\Bibliotekarz.Data.csproj", "{7020A499-4048-47D7-8A9D-B602C28CFEA2}"
EndProject
Global
	GlobalSection(SolutionConfigurationPlatforms) = preSolution
		Debug|Any CPU = Debug|Any CPU
		Release|Any CPU = Release|Any CPU
	EndGlobalSection
	GlobalSection(ProjectConfigurationPlatforms) = postSolution
		{98DE1C22-44EB-4850-A397-A03692F8B8DB}.Debug|Any CPU.ActiveCfg = Debug|Any CPU
		{98DE1C22-44EB-4850-A397-A03692F8B8DB}.Debug|Any CPU.Build.0 = Debug|Any CPU
		{98DE1C22-44EB-4850-A397-A03692F8B8DB}.Release|Any CPU.ActiveCfg = Release|Any CPU
		{98DE1C22-44EB-4850-A397-A03692F8B8DB}.Release|Any CPU.Build.0 = Release|Any CPU
		{5C3A02F3-0CDB-495B-8C1E-8678B4BB7EAD}.Debug|Any CPU.ActiveCfg = Debug|Any CPU
		{5C3A02F3-0CDB-495B-8C1E-8678B4BB7EAD}.Debug|Any CPU.Build.0 = Debug|Any CPU
		{5C3A02F3-0CDB-495B-8C1E-8678B4BB7EAD}.Release|Any CPU.ActiveCfg = Release|Any CPU
		{5C3A02F3-0CDB-495B-8C1E-8678B4BB7EAD}.Release|Any CPU.Build.0 = Release|Any CPU
		{7020A499-4048-47D7-8A9D-B602C28CFEA2}.Debug|Any CPU.ActiveCfg = Debug|Any CPU
		{7020A499-4048-47D7-8A9D-B602C28CFEA2}.Debug|Any CPU.Build.0 = Debug|Any CPU
		{7020A499-4048-47D7-8A9D-B602C28CFEA2}.Release|Any CPU.ActiveCfg = Release|Any CPU
		{7020A499-4048-47D7-8A9D-B602C28CFEA2}.Release|Any CPU.Build.0 = Release|Any CPU
	EndGlobalSection
	GlobalSection(SolutionProperties) = preSolution
		HideSolutionNode = FALSE
	EndGlobalSection
EndGlobal
